
Microsoft Visual Studio Solution File, Format Version 12.00
# Visual Studio Version 16
VisualStudioVersion = 16.0.29215.179
MinimumVisualStudioVersion = 10.0.40219.1
Project("{FAE04EC0-301F-11D3-BF4B-00C04F79EFBC}") = "website", "website\website.csproj", "{D493D60B-692E-4C92-A351-DC0B9C2A0980}"
EndProject
Project("{FAE04EC0-301F-11D3-BF4B-00C04F79EFBC}") = "repository", "repository\repository.csproj", "{A81DE5A0-DF25-4D6D-B6C8-CAFDAE1832ED}"
EndProject
Global
	GlobalSection(SolutionConfigurationPlatforms) = preSolution
		Debug|Any CPU = Debug|Any CPU
		Release|Any CPU = Release|Any CPU
	EndGlobalSection
	GlobalSection(ProjectConfigurationPlatforms) = postSolution
		{D493D60B-692E-4C92-A351-DC0B9C2A0980}.Debug|Any CPU.ActiveCfg = Debug|Any CPU
		{D493D60B-692E-4C92-A351-DC0B9C2A0980}.Debug|Any CPU.Build.0 = Debug|Any CPU
		{D493D60B-692E-4C92-A351-DC0B9C2A0980}.Release|Any CPU.ActiveCfg = Release|Any CPU
		{D493D60B-692E-4C92-A351-DC0B9C2A0980}.Release|Any CPU.Build.0 = Release|Any CPU
		{A81DE5A0-DF25-4D6D-B6C8-CAFDAE1832ED}.Debug|Any CPU.ActiveCfg = Debug|Any CPU
		{A81DE5A0-DF25-4D6D-B6C8-CAFDAE1832ED}.Debug|Any CPU.Build.0 = Debug|Any CPU
		{A81DE5A0-DF25-4D6D-B6C8-CAFDAE1832ED}.Release|Any CPU.ActiveCfg = Release|Any CPU
		{A81DE5A0-DF25-4D6D-B6C8-CAFDAE1832ED}.Release|Any CPU.Build.0 = Release|Any CPU
	EndGlobalSection
	GlobalSection(SolutionProperties) = preSolution
		HideSolutionNode = FALSE
	EndGlobalSection
	GlobalSection(ExtensibilityGlobals) = postSolution
		SolutionGuid = {470B7FA0-06A3-4E0C-99BE-246B43832B07}
	EndGlobalSection
EndGlobal
